
Microsoft Visual Studio Solution File, Format Version 12.00
# Visual Studio Version 17
VisualStudioVersion = 17.5.33424.131
MinimumVisualStudioVersion = 10.0.40219.1
Project("{FAE04EC0-301F-11D3-BF4B-00C04F79EFBC}") = "EnTranslate", "EnTranslate\EnTranslate.csproj", "{4D0498B7-FC49-4E0A-ACCA-161E3DC1C040}"
EndProject
Project("{FAE04EC0-301F-11D3-BF4B-00C04F79EFBC}") = "testTranslate", "testTranslate\testTranslate.csproj", "{3221E534-CE76-434C-8E60-713674C1E479}"
EndProject
Global
	GlobalSection(SolutionConfigurationPlatforms) = preSolution
		Debug|Any CPU = Debug|Any CPU
		Release|Any CPU = Release|Any CPU
	EndGlobalSection
	GlobalSection(ProjectConfigurationPlatforms) = postSolution
		{4D0498B7-FC49-4E0A-ACCA-161E3DC1C040}.Debug|Any CPU.ActiveCfg = Debug|Any CPU
		{4D0498B7-FC49-4E0A-ACCA-161E3DC1C040}.Debug|Any CPU.Build.0 = Debug|Any CPU
		{4D0498B7-FC49-4E0A-ACCA-161E3DC1C040}.Release|Any CPU.ActiveCfg = Release|Any CPU
		{4D0498B7-FC49-4E0A-ACCA-161E3DC1C040}.Release|Any CPU.Build.0 = Release|Any CPU
		{3221E534-CE76-434C-8E60-713674C1E479}.Debug|Any CPU.ActiveCfg = Debug|Any CPU
		{3221E534-CE76-434C-8E60-713674C1E479}.Debug|Any CPU.Build.0 = Debug|Any CPU
		{3221E534-CE76-434C-8E60-713674C1E479}.Release|Any CPU.ActiveCfg = Release|Any CPU
		{3221E534-CE76-434C-8E60-713674C1E479}.Release|Any CPU.Build.0 = Release|Any CPU
	EndGlobalSection
	GlobalSection(SolutionProperties) = preSolution
		HideSolutionNode = FALSE
	EndGlobalSection
	GlobalSection(ExtensibilityGlobals) = postSolution
		SolutionGuid = {E196D407-61A3-40DF-A58D-D92DEE7C23C7}
	EndGlobalSection
EndGlobal
